{
  "name": "string-metrics",
  "version": "1.0.0",
  "lockfileVersion": 1,
  "requires": true,
  "dependencies": {
    "colors": {
      "version": "1.4.0",
      "resolved": "https://registry.npmjs.org/colors/-/colors-1.4.0.tgz",
      "integrity": "sha512-a+UqTh4kgZg/SlGvfbzDHpgRu7AAQOmmqRHJnxhRZICKFUT91brVhNNt58CMWU9PsBbv3PDCZUHbVxuDiH2mtA=="
    },
    "diff": {
      "version": "5.0.0",
      "resolved": "https://registry.npmjs.org/diff/-/diff-5.0.0.tgz",
      "integrity": "sha512-/VTCrvm5Z0JGty/BWHljh+BAiw3IK+2j87NGMu8Nwc/f48WoDAC395uomO9ZD117ZOBaHmkX1oyLvkVM/aIT3w=="
    },
    "fastest-levenshtein": {
      "version": "1.0.12",
      "resolved": "https://registry.npmjs.org/fastest-levenshtein/-/fastest-levenshtein-1.0.12.tgz",
      "integrity": "sha512-On2N+BpYJ15xIC974QNVuYGMOlEVt4s0EOI3wwMqOmK1fdDY+FN/zltPV8vosq4ad4c/gJ1KHScUn/6AWIgiow=="
    },
    "performance-now": {
      "version": "2.1.0",
      "resolved": "https://registry.npmjs.org/performance-now/-/performance-now-2.1.0.tgz",
      "integrity": "sha1-Ywn04OX6kT7BxpMHrjZLSzd8nns="
    },
    "string-similarity": {
      "version": "4.0.4",
      "resolved": "https://registry.npmjs.org/string-similarity/-/string-similarity-4.0.4.tgz",
      "integrity": "sha512-/q/8Q4Bl4ZKAPjj8WerIBJWALKkaPRfrvhfF8k/B23i4nzrlRj2/go1m90In7nG/3XDSbOo0+pu6RvCTM9RGMQ=="
    }
  }
}
